
Microsoft Visual Studio Solution File, Format Version 12.00
# Visual Studio Version 17
VisualStudioVersion = 17.5.33424.131
MinimumVisualStudioVersion = 10.0.40219.1
Project("{9A19103F-16F7-4668-BE54-9A1E7A4F7556}") = "TrafficSimulator", "TrafficSimulator\TrafficSimulator.csproj", "{A828CC93-0AF8-4277-9A1B-3A684AB4140E}"
EndProject
Project("{9A19103F-16F7-4668-BE54-9A1E7A4F7556}") = "CarProcess", "CarProcess\CarProcess.csproj", "{3BF92BAE-480E-417C-8123-D23B3FE47C56}"
EndProject
Project("{9A19103F-16F7-4668-BE54-9A1E7A4F7556}") = "PedestrianProcess", "PedestrianProcess\PedestrianProcess.csproj", "{C7FABF81-9EB8-4229-B7F9-36E886FBDB83}"
EndProject
Project("{FAE04EC0-301F-11D3-BF4B-00C04F79EFBC}") = "TramProcess", "TramProcess\TramProcess.csproj", "{1B501951-A659-4703-AA27-6812930D981E}"
EndProject
Global
	GlobalSection(SolutionConfigurationPlatforms) = preSolution
		Debug|Any CPU = Debug|Any CPU
		Release|Any CPU = Release|Any CPU
		test|Any CPU = test|Any CPU
	EndGlobalSection
	GlobalSection(ProjectConfigurationPlatforms) = postSolution
		{A828CC93-0AF8-4277-9A1B-3A684AB4140E}.Debug|Any CPU.ActiveCfg = Debug|Any CPU
		{A828CC93-0AF8-4277-9A1B-3A684AB4140E}.Debug|Any CPU.Build.0 = Debug|Any CPU
		{A828CC93-0AF8-4277-9A1B-3A684AB4140E}.Release|Any CPU.ActiveCfg = Release|Any CPU
		{A828CC93-0AF8-4277-9A1B-3A684AB4140E}.Release|Any CPU.Build.0 = Release|Any CPU
		{A828CC93-0AF8-4277-9A1B-3A684AB4140E}.test|Any CPU.ActiveCfg = Debug|Any CPU
		{3BF92BAE-480E-417C-8123-D23B3FE47C56}.Debug|Any CPU.ActiveCfg = Debug|Any CPU
		{3BF92BAE-480E-417C-8123-D23B3FE47C56}.Debug|Any CPU.Build.0 = Debug|Any CPU
		{3BF92BAE-480E-417C-8123-D23B3FE47C56}.Release|Any CPU.ActiveCfg = Release|Any CPU
		{3BF92BAE-480E-417C-8123-D23B3FE47C56}.Release|Any CPU.Build.0 = Release|Any CPU
		{3BF92BAE-480E-417C-8123-D23B3FE47C56}.test|Any CPU.ActiveCfg = Debug|Any CPU
		{3BF92BAE-480E-417C-8123-D23B3FE47C56}.test|Any CPU.Build.0 = Debug|Any CPU
		{C7FABF81-9EB8-4229-B7F9-36E886FBDB83}.Debug|Any CPU.ActiveCfg = Debug|Any CPU
		{C7FABF81-9EB8-4229-B7F9-36E886FBDB83}.Debug|Any CPU.Build.0 = Debug|Any CPU
		{C7FABF81-9EB8-4229-B7F9-36E886FBDB83}.Release|Any CPU.ActiveCfg = Release|Any CPU
		{C7FABF81-9EB8-4229-B7F9-36E886FBDB83}.Release|Any CPU.Build.0 = Release|Any CPU
		{C7FABF81-9EB8-4229-B7F9-36E886FBDB83}.test|Any CPU.ActiveCfg = Debug|Any CPU
		{C7FABF81-9EB8-4229-B7F9-36E886FBDB83}.test|Any CPU.Build.0 = Debug|Any CPU
		{1B501951-A659-4703-AA27-6812930D981E}.Debug|Any CPU.ActiveCfg = Debug|Any CPU
		{1B501951-A659-4703-AA27-6812930D981E}.Debug|Any CPU.Build.0 = Debug|Any CPU
		{1B501951-A659-4703-AA27-6812930D981E}.Release|Any CPU.ActiveCfg = Release|Any CPU
		{1B501951-A659-4703-AA27-6812930D981E}.Release|Any CPU.Build.0 = Release|Any CPU
		{1B501951-A659-4703-AA27-6812930D981E}.test|Any CPU.ActiveCfg = Debug|Any CPU
		{1B501951-A659-4703-AA27-6812930D981E}.test|Any CPU.Build.0 = Debug|Any CPU
	EndGlobalSection
	GlobalSection(SolutionProperties) = preSolution
		HideSolutionNode = FALSE
	EndGlobalSection
	GlobalSection(ExtensibilityGlobals) = postSolution
		SolutionGuid = {EE0B1BDA-A168-4AF0-AD81-B74C139D0038}
	EndGlobalSection
EndGlobal
